
Microsoft Visual Studio Solution File, Format Version 12.00
# Visual Studio Version 17
VisualStudioVersion = 17.10.34707.107
MinimumVisualStudioVersion = 10.0.40219.1
Project("{FAE04EC0-301F-11D3-BF4B-00C04F79EFBC}") = "Assignment2", "Assignment2\Assignment2.csproj", "{5F29C249-3640-4768-951E-618E467C3F4E}"
EndProject
Global
	GlobalSection(SolutionConfigurationPlatforms) = preSolution
		Debug|Any CPU = Debug|Any CPU
		Release|Any CPU = Release|Any CPU
	EndGlobalSection
	GlobalSection(ProjectConfigurationPlatforms) = postSolution
		{5F29C249-3640-4768-951E-618E467C3F4E}.Debug|Any CPU.ActiveCfg = Debug|Any CPU
		{5F29C249-3640-4768-951E-618E467C3F4E}.Debug|Any CPU.Build.0 = Debug|Any CPU
		{5F29C249-3640-4768-951E-618E467C3F4E}.Release|Any CPU.ActiveCfg = Release|Any CPU
		{5F29C249-3640-4768-951E-618E467C3F4E}.Release|Any CPU.Build.0 = Release|Any CPU
	EndGlobalSection
	GlobalSection(SolutionProperties) = preSolution
		HideSolutionNode = FALSE
	EndGlobalSection
	GlobalSection(ExtensibilityGlobals) = postSolution
		SolutionGuid = {54446580-7514-44E4-8F5F-DCD11885889D}
	EndGlobalSection
EndGlobal
